// !$*UTF8*$!
{
	archiveVersion = 1;
	classes = {
	};
	objectVersion = 55;
	objects = {

/* Begin PBXBuildFile section */
		475CDADDF4AC093E688DEB8A /* Pods_ConstructionSiteDiary_ConstructionSiteDiaryUITests.framework in Frameworks */ = {isa = PBXBuildFile; fileRef = 42D324AB087871B5FD01A591 /* Pods_ConstructionSiteDiary_ConstructionSiteDiaryUITests.framework */; };
		892ABBAE3DE125C8D4D695A8 /* Pods_ConstructionSiteDiary.framework in Frameworks */ = {isa = PBXBuildFile; fileRef = 5BBAB1769BADADEE9E3518C3 /* Pods_ConstructionSiteDiary.framework */; };
		A8BAC6882848DA7B001F81D4 /* AppDelegate.swift in Sources */ = {isa = PBXBuildFile; fileRef = A8BAC6872848DA7B001F81D4 /* AppDelegate.swift */; };
		A8BAC68A2848DA7B001F81D4 /* SceneDelegate.swift in Sources */ = {isa = PBXBuildFile; fileRef = A8BAC6892848DA7B001F81D4 /* SceneDelegate.swift */; };
		A8BAC68C2848DA7B001F81D4 /* HomeViewController.swift in Sources */ = {isa = PBXBuildFile; fileRef = A8BAC68B2848DA7B001F81D4 /* HomeViewController.swift */; };
		A8BAC68F2848DA7B001F81D4 /* Main.storyboard in Resources */ = {isa = PBXBuildFile; fileRef = A8BAC68D2848DA7B001F81D4 /* Main.storyboard */; };
		A8BAC6912848DA7E001F81D4 /* Assets.xcassets in Resources */ = {isa = PBXBuildFile; fileRef = A8BAC6902848DA7E001F81D4 /* Assets.xcassets */; };
		A8BAC6942848DA7E001F81D4 /* LaunchScreen.storyboard in Resources */ = {isa = PBXBuildFile; fileRef = A8BAC6922848DA7E001F81D4 /* LaunchScreen.storyboard */; };
		A8BAC69F2848DA7F001F81D4 /* ConstructionSiteDiaryTests.swift in Sources */ = {isa = PBXBuildFile; fileRef = A8BAC69E2848DA7F001F81D4 /* ConstructionSiteDiaryTests.swift */; };
		A8BAC6A92848DA7F001F81D4 /* ConstructionSiteDiaryUITests.swift in Sources */ = {isa = PBXBuildFile; fileRef = A8BAC6A82848DA7F001F81D4 /* ConstructionSiteDiaryUITests.swift */; };
		A8BAC6AB2848DA7F001F81D4 /* ConstructionSiteDiaryUITestsLaunchTests.swift in Sources */ = {isa = PBXBuildFile; fileRef = A8BAC6AA2848DA7F001F81D4 /* ConstructionSiteDiaryUITestsLaunchTests.swift */; };
		A8BAC6B82848DDB3001F81D4 /* NewEntryViewController.swift in Sources */ = {isa = PBXBuildFile; fileRef = A8BAC6B72848DDB3001F81D4 /* NewEntryViewController.swift */; };
		A8BAC6C32848FA0A001F81D4 /* Diary.storyboard in Resources */ = {isa = PBXBuildFile; fileRef = A8BAC6C22848FA0A001F81D4 /* Diary.storyboard */; };
		E0182A040BCA2E6F5302E378 /* Pods_ConstructionSiteDiaryTests.framework in Frameworks */ = {isa = PBXBuildFile; fileRef = B5B55E2B156EFF3353453F1D /* Pods_ConstructionSiteDiaryTests.framework */; };
/* End PBXBuildFile section */

/* Begin PBXContainerItemProxy section */
		A8BAC69B2848DA7F001F81D4 /* PBXContainerItemProxy */ = {
			isa = PBXContainerItemProxy;
			containerPortal = A8BAC67C2848DA7B001F81D4 /* Project object */;
			proxyType = 1;
			remoteGlobalIDString = A8BAC6832848DA7B001F81D4;
			remoteInfo = ConstructionSiteDiary;
		};
		A8BAC6A52848DA7F001F81D4 /* PBXContainerItemProxy */ = {
			isa = PBXContainerItemProxy;
			containerPortal = A8BAC67C2848DA7B001F81D4 /* Project object */;
			proxyType = 1;
			remoteGlobalIDString = A8BAC6832848DA7B001F81D4;
			remoteInfo = ConstructionSiteDiary;
		};
/* End PBXContainerItemProxy section */

/* Begin PBXFileReference section */
		42D324AB087871B5FD01A591 /* Pods_ConstructionSiteDiary_ConstructionSiteDiaryUITests.framework */ = {isa = PBXFileReference; explicitFileType = wrapper.framework; includeInIndex = 0; path = Pods_ConstructionSiteDiary_ConstructionSiteDiaryUITests.framework; sourceTree = BUILT_PRODUCTS_DIR; };
		5A75580953576BE6C4434C5A /* Pods-ConstructionSiteDiary-ConstructionSiteDiaryUITests.debug.xcconfig */ = {isa = PBXFileReference; includeInIndex = 1; lastKnownFileType = text.xcconfig; name = "Pods-ConstructionSiteDiary-ConstructionSiteDiaryUITests.debug.xcconfig"; path = "Target Support Files/Pods-ConstructionSiteDiary-ConstructionSiteDiaryUITests/Pods-ConstructionSiteDiary-ConstructionSiteDiaryUITests.debug.xcconfig"; sourceTree = "<group>"; };
		5A91F5E2ECDA64967D7BBBB3 /* Pods-ConstructionSiteDiaryTests.debug.xcconfig */ = {isa = PBXFileReference; includeInIndex = 1; lastKnownFileType = text.xcconfig; name = "Pods-ConstructionSiteDiaryTests.debug.xcconfig"; path = "Target Support Files/Pods-ConstructionSiteDiaryTests/Pods-ConstructionSiteDiaryTests.debug.xcconfig"; sourceTree = "<group>"; };
		5BBAB1769BADADEE9E3518C3 /* Pods_ConstructionSiteDiary.framework */ = {isa = PBXFileReference; explicitFileType = wrapper.framework; includeInIndex = 0; path = Pods_ConstructionSiteDiary.framework; sourceTree = BUILT_PRODUCTS_DIR; };
		A8BAC6842848DA7B001F81D4 /* ConstructionSiteDiary.app */ = {isa = PBXFileReference; explicitFileType = wrapper.application; includeInIndex = 0; path = ConstructionSiteDiary.app; sourceTree = BUILT_PRODUCTS_DIR; };
		A8BAC6872848DA7B001F81D4 /* AppDelegate.swift */ = {isa = PBXFileReference; lastKnownFileType = sourcecode.swift; path = AppDelegate.swift; sourceTree = "<group>"; };
		A8BAC6892848DA7B001F81D4 /* SceneDelegate.swift */ = {isa = PBXFileReference; lastKnownFileType = sourcecode.swift; path = SceneDelegate.swift; sourceTree = "<group>"; };
		A8BAC68B2848DA7B001F81D4 /* HomeViewController.swift */ = {isa = PBXFileReference; lastKnownFileType = sourcecode.swift; path = HomeViewController.swift; sourceTree = "<group>"; };
		A8BAC68E2848DA7B001F81D4 /* Base */ = {isa = PBXFileReference; lastKnownFileType = file.storyboard; name = Base; path = Base.lproj/Main.storyboard; sourceTree = "<group>"; };
		A8BAC6902848DA7E001F81D4 /* Assets.xcassets */ = {isa = PBXFileReference; lastKnownFileType = folder.assetcatalog; path = Assets.xcassets; sourceTree = "<group>"; };
		A8BAC6932848DA7E001F81D4 /* Base */ = {isa = PBXFileReference; lastKnownFileType = file.storyboard; name = Base; path = Base.lproj/LaunchScreen.storyboard; sourceTree = "<group>"; };
		A8BAC6952848DA7E001F81D4 /* Info.plist */ = {isa = PBXFileReference; lastKnownFileType = text.plist.xml; path = Info.plist; sourceTree = "<group>"; };
		A8BAC69A2848DA7F001F81D4 /* ConstructionSiteDiaryTests.xctest */ = {isa = PBXFileReference; explicitFileType = wrapper.cfbundle; includeInIndex = 0; path = ConstructionSiteDiaryTests.xctest; sourceTree = BUILT_PRODUCTS_DIR; };
		A8BAC69E2848DA7F001F81D4 /* ConstructionSiteDiaryTests.swift */ = {isa = PBXFileReference; lastKnownFileType = sourcecode.swift; path = ConstructionSiteDiaryTests.swift; sourceTree = "<group>"; };
		A8BAC6A42848DA7F001F81D4 /* ConstructionSiteDiaryUITests.xctest */ = {isa = PBXFileReference; explicitFileType = wrapper.cfbundle; includeInIndex = 0; path = ConstructionSiteDiaryUITests.xctest; sourceTree = BUILT_PRODUCTS_DIR; };
		A8BAC6A82848DA7F001F81D4 /* ConstructionSiteDiaryUITests.swift */ = {isa = PBXFileReference; lastKnownFileType = sourcecode.swift; path = ConstructionSiteDiaryUITests.swift; sourceTree = "<group>"; };
		A8BAC6AA2848DA7F001F81D4 /* ConstructionSiteDiaryUITestsLaunchTests.swift */ = {isa = PBXFileReference; lastKnownFileType = sourcecode.swift; path = ConstructionSiteDiaryUITestsLaunchTests.swift; sourceTree = "<group>"; };
		A8BAC6B72848DDB3001F81D4 /* NewEntryViewController.swift */ = {isa = PBXFileReference; lastKnownFileType = sourcecode.swift; path = NewEntryViewController.swift; sourceTree = "<group>"; };
		A8BAC6C22848FA0A001F81D4 /* Diary.storyboard */ = {isa = PBXFileReference; lastKnownFileType = file.storyboard; path = Diary.storyboard; sourceTree = "<group>"; };
		AB229390F8E31551995D5491 /* Pods-ConstructionSiteDiary.debug.xcconfig */ = {isa = PBXFileReference; includeInIndex = 1; lastKnownFileType = text.xcconfig; name = "Pods-ConstructionSiteDiary.debug.xcconfig"; path = "Target Support Files/Pods-ConstructionSiteDiary/Pods-ConstructionSiteDiary.debug.xcconfig"; sourceTree = "<group>"; };
		B570114DC1083470465CB70B /* Pods-ConstructionSiteDiary.release.xcconfig */ = {isa = PBXFileReference; includeInIndex = 1; lastKnownFileType = text.xcconfig; name = "Pods-ConstructionSiteDiary.release.xcconfig"; path = "Target Support Files/Pods-ConstructionSiteDiary/Pods-ConstructionSiteDiary.release.xcconfig"; sourceTree = "<group>"; };
		B5B55E2B156EFF3353453F1D /* Pods_ConstructionSiteDiaryTests.framework */ = {isa = PBXFileReference; explicitFileType = wrapper.framework; includeInIndex = 0; path = Pods_ConstructionSiteDiaryTests.framework; sourceTree = BUILT_PRODUCTS_DIR; };
		CF712CFC84DAE34A9BA53FFA /* Pods-ConstructionSiteDiary-ConstructionSiteDiaryUITests.release.xcconfig */ = {isa = PBXFileReference; includeInIndex = 1; lastKnownFileType = text.xcconfig; name = "Pods-ConstructionSiteDiary-ConstructionSiteDiaryUITests.release.xcconfig"; path = "Target Support Files/Pods-ConstructionSiteDiary-ConstructionSiteDiaryUITests/Pods-ConstructionSiteDiary-ConstructionSiteDiaryUITests.release.xcconfig"; sourceTree = "<group>"; };
		F3EB896FAADC0673ECE5536B /* Pods-ConstructionSiteDiaryTests.release.xcconfig */ = {isa = PBXFileReference; includeInIndex = 1; lastKnownFileType = text.xcconfig; name = "Pods-ConstructionSiteDiaryTests.release.xcconfig"; path = "Target Support Files/Pods-ConstructionSiteDiaryTests/Pods-ConstructionSiteDiaryTests.release.xcconfig"; sourceTree = "<group>"; };
/* End PBXFileReference section */

/* Begin PBXFrameworksBuildPhase section */
		A8BAC6812848DA7B001F81D4 /* Frameworks */ = {
			isa = PBXFrameworksBuildPhase;
			buildActionMask = 2147483647;
			files = (
				892ABBAE3DE125C8D4D695A8 /* Pods_ConstructionSiteDiary.framework in Frameworks */,
			);
			runOnlyForDeploymentPostprocessing = 0;
		};
		A8BAC6972848DA7F001F81D4 /* Frameworks */ = {
			isa = PBXFrameworksBuildPhase;
			buildActionMask = 2147483647;
			files = (
				E0182A040BCA2E6F5302E378 /* Pods_ConstructionSiteDiaryTests.framework in Frameworks */,
			);
			runOnlyForDeploymentPostprocessing = 0;
		};
		A8BAC6A12848DA7F001F81D4 /* Frameworks */ = {
			isa = PBXFrameworksBuildPhase;
			buildActionMask = 2147483647;
			files = (
				475CDADDF4AC093E688DEB8A /* Pods_ConstructionSiteDiary_ConstructionSiteDiaryUITests.framework in Frameworks */,
			);
			runOnlyForDeploymentPostprocessing = 0;
		};
/* End PBXFrameworksBuildPhase section */

/* Begin PBXGroup section */
		0EB17FB061AA231C2370E8B2 /* Frameworks */ = {
			isa = PBXGroup;
			children = (
				5BBAB1769BADADEE9E3518C3 /* Pods_ConstructionSiteDiary.framework */,
				42D324AB087871B5FD01A591 /* Pods_ConstructionSiteDiary_ConstructionSiteDiaryUITests.framework */,
				B5B55E2B156EFF3353453F1D /* Pods_ConstructionSiteDiaryTests.framework */,
			);
			name = Frameworks;
			sourceTree = "<group>";
		};
		698D1B01958516A18D8F0841 /* Pods */ = {
			isa = PBXGroup;
			children = (
				AB229390F8E31551995D5491 /* Pods-ConstructionSiteDiary.debug.xcconfig */,
				B570114DC1083470465CB70B /* Pods-ConstructionSiteDiary.release.xcconfig */,
				5A75580953576BE6C4434C5A /* Pods-ConstructionSiteDiary-ConstructionSiteDiaryUITests.debug.xcconfig */,
				CF712CFC84DAE34A9BA53FFA /* Pods-ConstructionSiteDiary-ConstructionSiteDiaryUITests.release.xcconfig */,
				5A91F5E2ECDA64967D7BBBB3 /* Pods-ConstructionSiteDiaryTests.debug.xcconfig */,
				F3EB896FAADC0673ECE5536B /* Pods-ConstructionSiteDiaryTests.release.xcconfig */,
			);
			path = Pods;
			sourceTree = "<group>";
		};
		A8BAC67B2848DA7B001F81D4 = {
			isa = PBXGroup;
			children = (
				A8BAC6862848DA7B001F81D4 /* ConstructionSiteDiary */,
				A8BAC69D2848DA7F001F81D4 /* ConstructionSiteDiaryTests */,
				A8BAC6A72848DA7F001F81D4 /* ConstructionSiteDiaryUITests */,
				A8BAC6852848DA7B001F81D4 /* Products */,
				698D1B01958516A18D8F0841 /* Pods */,
				0EB17FB061AA231C2370E8B2 /* Frameworks */,
			);
			sourceTree = "<group>";
		};
		A8BAC6852848DA7B001F81D4 /* Products */ = {
			isa = PBXGroup;
			children = (
				A8BAC6842848DA7B001F81D4 /* ConstructionSiteDiary.app */,
				A8BAC69A2848DA7F001F81D4 /* ConstructionSiteDiaryTests.xctest */,
				A8BAC6A42848DA7F001F81D4 /* ConstructionSiteDiaryUITests.xctest */,
			);
			name = Products;
			sourceTree = "<group>";
		};
		A8BAC6862848DA7B001F81D4 /* ConstructionSiteDiary */ = {
			isa = PBXGroup;
			children = (
				A8BAC6BD2848F3C5001F81D4 /* Features */,
				A8BAC6BC2848F38D001F81D4 /* Networking */,
				A8BAC6872848DA7B001F81D4 /* AppDelegate.swift */,
				A8BAC6892848DA7B001F81D4 /* SceneDelegate.swift */,
				A8BAC68B2848DA7B001F81D4 /* HomeViewController.swift */,
				A8BAC68D2848DA7B001F81D4 /* Main.storyboard */,
				A8BAC6902848DA7E001F81D4 /* Assets.xcassets */,
				A8BAC6922848DA7E001F81D4 /* LaunchScreen.storyboard */,
				A8BAC6952848DA7E001F81D4 /* Info.plist */,
			);
			path = ConstructionSiteDiary;
			sourceTree = "<group>";
		};
		A8BAC69D2848DA7F001F81D4 /* ConstructionSiteDiaryTests */ = {
			isa = PBXGroup;
			children = (
				A8BAC69E2848DA7F001F81D4 /* ConstructionSiteDiaryTests.swift */,
			);
			path = ConstructionSiteDiaryTests;
			sourceTree = "<group>";
		};
		A8BAC6A72848DA7F001F81D4 /* ConstructionSiteDiaryUITests */ = {
			isa = PBXGroup;
			children = (
				A8BAC6A82848DA7F001F81D4 /* ConstructionSiteDiaryUITests.swift */,
				A8BAC6AA2848DA7F001F81D4 /* ConstructionSiteDiaryUITestsLaunchTests.swift */,
			);
			path = ConstructionSiteDiaryUITests;
			sourceTree = "<group>";
		};
		A8BAC6BC2848F38D001F81D4 /* Networking */ = {
			isa = PBXGroup;
			children = (
			);
			path = Networking;
			sourceTree = "<group>";
		};
		A8BAC6BD2848F3C5001F81D4 /* Features */ = {
			isa = PBXGroup;
			children = (
				A8BAC6BE2848F7EC001F81D4 /* Diary */,
			);
			path = Features;
			sourceTree = "<group>";
		};
		A8BAC6BE2848F7EC001F81D4 /* Diary */ = {
			isa = PBXGroup;
			children = (
				A8BAC6C12848F81E001F81D4 /* Models */,
				A8BAC6C02848F818001F81D4 /* Views */,
				A8BAC6BF2848F806001F81D4 /* View Controllers */,
			);
			path = Diary;
			sourceTree = "<group>";
		};
		A8BAC6BF2848F806001F81D4 /* View Controllers */ = {
			isa = PBXGroup;
			children = (
				A8BAC6B72848DDB3001F81D4 /* NewEntryViewController.swift */,
			);
			path = "View Controllers";
			sourceTree = "<group>";
		};
		A8BAC6C02848F818001F81D4 /* Views */ = {
			isa = PBXGroup;
			children = (
				A8BAC6C22848FA0A001F81D4 /* Diary.storyboard */,
			);
			path = Views;
			sourceTree = "<group>";
		};
		A8BAC6C12848F81E001F81D4 /* Models */ = {
			isa = PBXGroup;
			children = (
			);
			path = Models;
			sourceTree = "<group>";
		};
/* End PBXGroup section */

/* Begin PBXNativeTarget section */
		A8BAC6832848DA7B001F81D4 /* ConstructionSiteDiary */ = {
			isa = PBXNativeTarget;
			buildConfigurationList = A8BAC6AE2848DA7F001F81D4 /* Build configuration list for PBXNativeTarget "ConstructionSiteDiary" */;
			buildPhases = (
				A19E6C137EB9C3872FC25CBB /* [CP] Check Pods Manifest.lock */,
				A8BAC6802848DA7B001F81D4 /* Sources */,
				A8BAC6812848DA7B001F81D4 /* Frameworks */,
				A8BAC6822848DA7B001F81D4 /* Resources */,
				6B3E43BEA247BEF30DA3C8A9 /* [CP] Embed Pods Frameworks */,
			);
			buildRules = (
			);
			dependencies = (
			);
			name = ConstructionSiteDiary;
			productName = ConstructionSiteDiary;
			productReference = A8BAC6842848DA7B001F81D4 /* ConstructionSiteDiary.app */;
			productType = "com.apple.product-type.application";
		};
		A8BAC6992848DA7F001F81D4 /* ConstructionSiteDiaryTests */ = {
			isa = PBXNativeTarget;
			buildConfigurationList = A8BAC6B12848DA7F001F81D4 /* Build configuration list for PBXNativeTarget "ConstructionSiteDiaryTests" */;
			buildPhases = (
				9B213A39781903CC900830E4 /* [CP] Check Pods Manifest.lock */,
				A8BAC6962848DA7F001F81D4 /* Sources */,
				A8BAC6972848DA7F001F81D4 /* Frameworks */,
				A8BAC6982848DA7F001F81D4 /* Resources */,
			);
			buildRules = (
			);
			dependencies = (
				A8BAC69C2848DA7F001F81D4 /* PBXTargetDependency */,
			);
			name = ConstructionSiteDiaryTests;
			productName = ConstructionSiteDiaryTests;
			productReference = A8BAC69A2848DA7F001F81D4 /* ConstructionSiteDiaryTests.xctest */;
			productType = "com.apple.product-type.bundle.unit-test";
		};
		A8BAC6A32848DA7F001F81D4 /* ConstructionSiteDiaryUITests */ = {
			isa = PBXNativeTarget;
			buildConfigurationList = A8BAC6B42848DA7F001F81D4 /* Build configuration list for PBXNativeTarget "ConstructionSiteDiaryUITests" */;
			buildPhases = (
				E1E59F0C47C75C9C081630B4 /* [CP] Check Pods Manifest.lock */,
				A8BAC6A02848DA7F001F81D4 /* Sources */,
				A8BAC6A12848DA7F001F81D4 /* Frameworks */,
				A8BAC6A22848DA7F001F81D4 /* Resources */,
				031CD504333D328E46673206 /* [CP] Embed Pods Frameworks */,
			);
			buildRules = (
			);
			dependencies = (
				A8BAC6A62848DA7F001F81D4 /* PBXTargetDependency */,
			);
			name = ConstructionSiteDiaryUITests;
			productName = ConstructionSiteDiaryUITests;
			productReference = A8BAC6A42848DA7F001F81D4 /* ConstructionSiteDiaryUITests.xctest */;
			productType = "com.apple.product-type.bundle.ui-testing";
		};
/* End PBXNativeTarget section */

/* Begin PBXProject section */
		A8BAC67C2848DA7B001F81D4 /* Project object */ = {
			isa = PBXProject;
			attributes = {
				BuildIndependentTargetsInParallel = 1;
				LastSwiftUpdateCheck = 1330;
				LastUpgradeCheck = 1330;
				TargetAttributes = {
					A8BAC6832848DA7B001F81D4 = {
						CreatedOnToolsVersion = 13.3.1;
					};
					A8BAC6992848DA7F001F81D4 = {
						CreatedOnToolsVersion = 13.3.1;
						TestTargetID = A8BAC6832848DA7B001F81D4;
					};
					A8BAC6A32848DA7F001F81D4 = {
						CreatedOnToolsVersion = 13.3.1;
						TestTargetID = A8BAC6832848DA7B001F81D4;
					};
				};
			};
			buildConfigurationList = A8BAC67F2848DA7B001F81D4 /* Build configuration list for PBXProject "ConstructionSiteDiary" */;
			compatibilityVersion = "Xcode 13.0";
			developmentRegion = en;
			hasScannedForEncodings = 0;
			knownRegions = (
				en,
				Base,
			);
			mainGroup = A8BAC67B2848DA7B001F81D4;
			productRefGroup = A8BAC6852848DA7B001F81D4 /* Products */;
			projectDirPath = "";
			projectRoot = "";
			targets = (
				A8BAC6832848DA7B001F81D4 /* ConstructionSiteDiary */,
				A8BAC6992848DA7F001F81D4 /* ConstructionSiteDiaryTests */,
				A8BAC6A32848DA7F001F81D4 /* ConstructionSiteDiaryUITests */,
			);
		};
/* End PBXProject section */

/* Begin PBXResourcesBuildPhase section */
		A8BAC6822848DA7B001F81D4 /* Resources */ = {
			isa = PBXResourcesBuildPhase;
			buildActionMask = 2147483647;
			files = (
				A8BAC6C32848FA0A001F81D4 /* Diary.storyboard in Resources */,
				A8BAC6942848DA7E001F81D4 /* LaunchScreen.storyboard in Resources */,
				A8BAC6912848DA7E001F81D4 /* Assets.xcassets in Resources */,
				A8BAC68F2848DA7B001F81D4 /* Main.storyboard in Resources */,
			);
			runOnlyForDeploymentPostprocessing = 0;
		};
		A8BAC6982848DA7F001F81D4 /* Resources */ = {
			isa = PBXResourcesBuildPhase;
			buildActionMask = 2147483647;
			files = (
			);
			runOnlyForDeploymentPostprocessing = 0;
		};
		A8BAC6A22848DA7F001F81D4 /* Resources */ = {
			isa = PBXResourcesBuildPhase;
			buildActionMask = 2147483647;
			files = (
			);
			runOnlyForDeploymentPostprocessing = 0;
		};
/* End PBXResourcesBuildPhase section */

/* Begin PBXShellScriptBuildPhase section */
		031CD504333D328E46673206 /* [CP] Embed Pods Frameworks */ = {
			isa = PBXShellScriptBuildPhase;
			buildActionMask = 2147483647;
			files = (
			);
			inputFileListPaths = (
				"${PODS_ROOT}/Target Support Files/Pods-ConstructionSiteDiary-ConstructionSiteDiaryUITests/Pods-ConstructionSiteDiary-ConstructionSiteDiaryUITests-frameworks-${CONFIGURATION}-input-files.xcfilelist",
			);
			name = "[CP] Embed Pods Frameworks";
			outputFileListPaths = (
				"${PODS_ROOT}/Target Support Files/Pods-ConstructionSiteDiary-ConstructionSiteDiaryUITests/Pods-ConstructionSiteDiary-ConstructionSiteDiaryUITests-frameworks-${CONFIGURATION}-output-files.xcfilelist",
			);
			runOnlyForDeploymentPostprocessing = 0;
			shellPath = /bin/sh;
			shellScript = "\"${PODS_ROOT}/Target Support Files/Pods-ConstructionSiteDiary-ConstructionSiteDiaryUITests/Pods-ConstructionSiteDiary-ConstructionSiteDiaryUITests-frameworks.sh\"\n";
			showEnvVarsInLog = 0;
		};
		6B3E43BEA247BEF30DA3C8A9 /* [CP] Embed Pods Frameworks */ = {
			isa = PBXShellScriptBuildPhase;
			buildActionMask = 2147483647;
			files = (
			);
			inputFileListPaths = (
				"${PODS_ROOT}/Target Support Files/Pods-ConstructionSiteDiary/Pods-ConstructionSiteDiary-frameworks-${CONFIGURATION}-input-files.xcfilelist",
			);
			name = "[CP] Embed Pods Frameworks";
			outputFileListPaths = (
				"${PODS_ROOT}/Target Support Files/Pods-ConstructionSiteDiary/Pods-ConstructionSiteDiary-frameworks-${CONFIGURATION}-output-files.xcfilelist",
			);
			runOnlyForDeploymentPostprocessing = 0;
			shellPath = /bin/sh;
			shellScript = "\"${PODS_ROOT}/Target Support Files/Pods-ConstructionSiteDiary/Pods-ConstructionSiteDiary-frameworks.sh\"\n";
			showEnvVarsInLog = 0;
		};
		9B213A39781903CC900830E4 /* [CP] Check Pods Manifest.lock */ = {
			isa = PBXShellScriptBuildPhase;
			buildActionMask = 2147483647;
			files = (
			);
			inputFileListPaths = (
			);
			inputPaths = (
				"${PODS_PODFILE_DIR_PATH}/Podfile.lock",
				"${PODS_ROOT}/Manifest.lock",
			);
			name = "[CP] Check Pods Manifest.lock";
			outputFileListPaths = (
			);
			outputPaths = (
				"$(DERIVED_FILE_DIR)/Pods-ConstructionSiteDiaryTests-checkManifestLockResult.txt",
			);
			runOnlyForDeploymentPostprocessing = 0;
			shellPath = /bin/sh;
			shellScript = "diff \"${PODS_PODFILE_DIR_PATH}/Podfile.lock\" \"${PODS_ROOT}/Manifest.lock\" > /dev/null\nif [ $? != 0 ] ; then\n    # print error to STDERR\n    echo \"error: The sandbox is not in sync with the Podfile.lock. Run 'pod install' or update your CocoaPods installation.\" >&2\n    exit 1\nfi\n# This output is used by Xcode 'outputs' to avoid re-running this script phase.\necho \"SUCCESS\" > \"${SCRIPT_OUTPUT_FILE_0}\"\n";
			showEnvVarsInLog = 0;
		};
		A19E6C137EB9C3872FC25CBB /* [CP] Check Pods Manifest.lock */ = {
			isa = PBXShellScriptBuildPhase;
			buildActionMask = 2147483647;
			files = (
			);
			inputFileListPaths = (
			);
			inputPaths = (
				"${PODS_PODFILE_DIR_PATH}/Podfile.lock",
				"${PODS_ROOT}/Manifest.lock",
			);
			name = "[CP] Check Pods Manifest.lock";
			outputFileListPaths = (
			);
			outputPaths = (
				"$(DERIVED_FILE_DIR)/Pods-ConstructionSiteDiary-checkManifestLockResult.txt",
			);
			runOnlyForDeploymentPostprocessing = 0;
			shellPath = /bin/sh;
			shellScript = "diff \"${PODS_PODFILE_DIR_PATH}/Podfile.lock\" \"${PODS_ROOT}/Manifest.lock\" > /dev/null\nif [ $? != 0 ] ; then\n    # print error to STDERR\n    echo \"error: The sandbox is not in sync with the Podfile.lock. Run 'pod install' or update your CocoaPods installation.\" >&2\n    exit 1\nfi\n# This output is used by Xcode 'outputs' to avoid re-running this script phase.\necho \"SUCCESS\" > \"${SCRIPT_OUTPUT_FILE_0}\"\n";
			showEnvVarsInLog = 0;
		};
		E1E59F0C47C75C9C081630B4 /* [CP] Check Pods Manifest.lock */ = {
			isa = PBXShellScriptBuildPhase;
			buildActionMask = 2147483647;
			files = (
			);
			inputFileListPaths = (
			);
			inputPaths = (
				"${PODS_PODFILE_DIR_PATH}/Podfile.lock",
				"${PODS_ROOT}/Manifest.lock",
			);
			name = "[CP] Check Pods Manifest.lock";
			outputFileListPaths = (
			);
			outputPaths = (
				"$(DERIVED_FILE_DIR)/Pods-ConstructionSiteDiary-ConstructionSiteDiaryUITests-checkManifestLockResult.txt",
			);
			runOnlyForDeploymentPostprocessing = 0;
			shellPath = /bin/sh;
			shellScript = "diff \"${PODS_PODFILE_DIR_PATH}/Podfile.lock\" \"${PODS_ROOT}/Manifest.lock\" > /dev/null\nif [ $? != 0 ] ; then\n    # print error to STDERR\n    echo \"error: The sandbox is not in sync with the Podfile.lock. Run 'pod install' or update your CocoaPods installation.\" >&2\n    exit 1\nfi\n# This output is used by Xcode 'outputs' to avoid re-running this script phase.\necho \"SUCCESS\" > \"${SCRIPT_OUTPUT_FILE_0}\"\n";
			showEnvVarsInLog = 0;
		};
/* End PBXShellScriptBuildPhase section */

/* Begin PBXSourcesBuildPhase section */
		A8BAC6802848DA7B001F81D4 /* Sources */ = {
			isa = PBXSourcesBuildPhase;
			buildActionMask = 2147483647;
			files = (
				A8BAC68C2848DA7B001F81D4 /* HomeViewController.swift in Sources */,
				A8BAC6882848DA7B001F81D4 /* AppDelegate.swift in Sources */,
				A8BAC6B82848DDB3001F81D4 /* NewEntryViewController.swift in Sources */,
				A8BAC68A2848DA7B001F81D4 /* SceneDelegate.swift in Sources */,
			);
			runOnlyForDeploymentPostprocessing = 0;
		};
		A8BAC6962848DA7F001F81D4 /* Sources */ = {
			isa = PBXSourcesBuildPhase;
			buildActionMask = 2147483647;
			files = (
				A8BAC69F2848DA7F001F81D4 /* ConstructionSiteDiaryTests.swift in Sources */,
			);
			runOnlyForDeploymentPostprocessing = 0;
		};
		A8BAC6A02848DA7F001F81D4 /* Sources */ = {
			isa = PBXSourcesBuildPhase;
			buildActionMask = 2147483647;
			files = (
				A8BAC6AB2848DA7F001F81D4 /* ConstructionSiteDiaryUITestsLaunchTests.swift in Sources */,
				A8BAC6A92848DA7F001F81D4 /* ConstructionSiteDiaryUITests.swift in Sources */,
			);
			runOnlyForDeploymentPostprocessing = 0;
		};
/* End PBXSourcesBuildPhase section */

/* Begin PBXTargetDependency section */
		A8BAC69C2848DA7F001F81D4 /* PBXTargetDependency */ = {
			isa = PBXTargetDependency;
			target = A8BAC6832848DA7B001F81D4 /* ConstructionSiteDiary */;
			targetProxy = A8BAC69B2848DA7F001F81D4 /* PBXContainerItemProxy */;
		};
		A8BAC6A62848DA7F001F81D4 /* PBXTargetDependency */ = {
			isa = PBXTargetDependency;
			target = A8BAC6832848DA7B001F81D4 /* ConstructionSiteDiary */;
			targetProxy = A8BAC6A52848DA7F001F81D4 /* PBXContainerItemProxy */;
		};
/* End PBXTargetDependency section */

/* Begin PBXVariantGroup section */
		A8BAC68D2848DA7B001F81D4 /* Main.storyboard */ = {
			isa = PBXVariantGroup;
			children = (
				A8BAC68E2848DA7B001F81D4 /* Base */,
			);
			name = Main.storyboard;
			sourceTree = "<group>";
		};
		A8BAC6922848DA7E001F81D4 /* LaunchScreen.storyboard */ = {
			isa = PBXVariantGroup;
			children = (
				A8BAC6932848DA7E001F81D4 /* Base */,
			);
			name = LaunchScreen.storyboard;
			sourceTree = "<group>";
		};
/* End PBXVariantGroup section */

/* Begin XCBuildConfiguration section */
		A8BAC6AC2848DA7F001F81D4 /* Debug */ = {
			isa = XCBuildConfiguration;
			buildSettings = {
				ALWAYS_SEARCH_USER_PATHS = NO;
				CLANG_ANALYZER_NONNULL = YES;
				CLANG_ANALYZER_NUMBER_OBJECT_CONVERSION = YES_AGGRESSIVE;
				CLANG_CXX_LANGUAGE_STANDARD = "gnu++17";
				CLANG_ENABLE_MODULES = YES;
				CLANG_ENABLE_OBJC_ARC = YES;
				CLANG_ENABLE_OBJC_WEAK = YES;
				CLANG_WARN_BLOCK_CAPTURE_AUTORELEASING = YES;
				CLANG_WARN_BOOL_CONVERSION = YES;
				CLANG_WARN_COMMA = YES;
				CLANG_WARN_CONSTANT_CONVERSION = YES;
				CLANG_WARN_DEPRECATED_OBJC_IMPLEMENTATIONS = YES;
				CLANG_WARN_DIRECT_OBJC_ISA_USAGE = YES_ERROR;
				CLANG_WARN_DOCUMENTATION_COMMENTS = YES;
				CLANG_WARN_EMPTY_BODY = YES;
				CLANG_WARN_ENUM_CONVERSION = YES;
				CLANG_WARN_INFINITE_RECURSION = YES;
				CLANG_WARN_INT_CONVERSION = YES;
				CLANG_WARN_NON_LITERAL_NULL_CONVERSION = YES;
				CLANG_WARN_OBJC_IMPLICIT_RETAIN_SELF = YES;
				CLANG_WARN_OBJC_LITERAL_CONVERSION = YES;
				CLANG_WARN_OBJC_ROOT_CLASS = YES_ERROR;
				CLANG_WARN_QUOTED_INCLUDE_IN_FRAMEWORK_HEADER = YES;
				CLANG_WARN_RANGE_LOOP_ANALYSIS = YES;
				CLANG_WARN_STRICT_PROTOTYPES = YES;
				CLANG_WARN_SUSPICIOUS_MOVE = YES;
				CLANG_WARN_UNGUARDED_AVAILABILITY = YES_AGGRESSIVE;
				CLANG_WARN_UNREACHABLE_CODE = YES;
				CLANG_WARN__DUPLICATE_METHOD_MATCH = YES;
				COPY_PHASE_STRIP = NO;
				DEBUG_INFORMATION_FORMAT = dwarf;
				ENABLE_STRICT_OBJC_MSGSEND = YES;
				ENABLE_TESTABILITY = YES;
				GCC_C_LANGUAGE_STANDARD = gnu11;
				GCC_DYNAMIC_NO_PIC = NO;
				GCC_NO_COMMON_BLOCKS = YES;
				GCC_OPTIMIZATION_LEVEL = 0;
				GCC_PREPROCESSOR_DEFINITIONS = (
					"DEBUG=1",
					"$(inherited)",
				);
				GCC_WARN_64_TO_32_BIT_CONVERSION = YES;
				GCC_WARN_ABOUT_RETURN_TYPE = YES_ERROR;
				GCC_WARN_UNDECLARED_SELECTOR = YES;
				GCC_WARN_UNINITIALIZED_AUTOS = YES_AGGRESSIVE;
				GCC_WARN_UNUSED_FUNCTION = YES;
				GCC_WARN_UNUSED_VARIABLE = YES;
				IPHONEOS_DEPLOYMENT_TARGET = 15.4;
				MTL_ENABLE_DEBUG_INFO = INCLUDE_SOURCE;
				MTL_FAST_MATH = YES;
				ONLY_ACTIVE_ARCH = YES;
				SDKROOT = iphoneos;
				SWIFT_ACTIVE_COMPILATION_CONDITIONS = DEBUG;
				SWIFT_OPTIMIZATION_LEVEL = "-Onone";
			};
			name = Debug;
		};
		A8BAC6AD2848DA7F001F81D4 /* Release */ = {
			isa = XCBuildConfiguration;
			buildSettings = {
				ALWAYS_SEARCH_USER_PATHS = NO;
				CLANG_ANALYZER_NONNULL = YES;
				CLANG_ANALYZER_NUMBER_OBJECT_CONVERSION = YES_AGGRESSIVE;
				CLANG_CXX_LANGUAGE_STANDARD = "gnu++17";
				CLANG_ENABLE_MODULES = YES;
				CLANG_ENABLE_OBJC_ARC = YES;
				CLANG_ENABLE_OBJC_WEAK = YES;
				CLANG_WARN_BLOCK_CAPTURE_AUTORELEASING = YES;
				CLANG_WARN_BOOL_CONVERSION = YES;
				CLANG_WARN_COMMA = YES;
				CLANG_WARN_CONSTANT_CONVERSION = YES;
				CLANG_WARN_DEPRECATED_OBJC_IMPLEMENTATIONS = YES;
				CLANG_WARN_DIRECT_OBJC_ISA_USAGE = YES_ERROR;
				CLANG_WARN_DOCUMENTATION_COMMENTS = YES;
				CLANG_WARN_EMPTY_BODY = YES;
				CLANG_WARN_ENUM_CONVERSION = YES;
				CLANG_WARN_INFINITE_RECURSION = YES;
				CLANG_WARN_INT_CONVERSION = YES;
				CLANG_WARN_NON_LITERAL_NULL_CONVERSION = YES;
				CLANG_WARN_OBJC_IMPLICIT_RETAIN_SELF = YES;
				CLANG_WARN_OBJC_LITERAL_CONVERSION = YES;
				CLANG_WARN_OBJC_ROOT_CLASS = YES_ERROR;
				CLANG_WARN_QUOTED_INCLUDE_IN_FRAMEWORK_HEADER = YES;
				CLANG_WARN_RANGE_LOOP_ANALYSIS = YES;
				CLANG_WARN_STRICT_PROTOTYPES = YES;
				CLANG_WARN_SUSPICIOUS_MOVE = YES;
				CLANG_WARN_UNGUARDED_AVAILABILITY = YES_AGGRESSIVE;
				CLANG_WARN_UNREACHABLE_CODE = YES;
				CLANG_WARN__DUPLICATE_METHOD_MATCH = YES;
				COPY_PHASE_STRIP = NO;
				DEBUG_INFORMATION_FORMAT = "dwarf-with-dsym";
				ENABLE_NS_ASSERTIONS = NO;
				ENABLE_STRICT_OBJC_MSGSEND = YES;
				GCC_C_LANGUAGE_STANDARD = gnu11;
				GCC_NO_COMMON_BLOCKS = YES;
				GCC_WARN_64_TO_32_BIT_CONVERSION = YES;
				GCC_WARN_ABOUT_RETURN_TYPE = YES_ERROR;
				GCC_WARN_UNDECLARED_SELECTOR = YES;
				GCC_WARN_UNINITIALIZED_AUTOS = YES_AGGRESSIVE;
				GCC_WARN_UNUSED_FUNCTION = YES;
				GCC_WARN_UNUSED_VARIABLE = YES;
				IPHONEOS_DEPLOYMENT_TARGET = 15.4;
				MTL_ENABLE_DEBUG_INFO = NO;
				MTL_FAST_MATH = YES;
				SDKROOT = iphoneos;
				SWIFT_COMPILATION_MODE = wholemodule;
				SWIFT_OPTIMIZATION_LEVEL = "-O";
				VALIDATE_PRODUCT = YES;
			};
			name = Release;
		};
		A8BAC6AF2848DA7F001F81D4 /* Debug */ = {
			isa = XCBuildConfiguration;
			baseConfigurationReference = AB229390F8E31551995D5491 /* Pods-ConstructionSiteDiary.debug.xcconfig */;
			buildSettings = {
				ASSETCATALOG_COMPILER_APPICON_NAME = AppIcon;
				ASSETCATALOG_COMPILER_GLOBAL_ACCENT_COLOR_NAME = AccentColor;
				CODE_SIGN_STYLE = Automatic;
				CURRENT_PROJECT_VERSION = 1;
				DEVELOPMENT_TEAM = WXP6698C26;
				GENERATE_INFOPLIST_FILE = YES;
				INFOPLIST_FILE = ConstructionSiteDiary/Info.plist;
				INFOPLIST_KEY_NSCameraUsageDescription = "";
				INFOPLIST_KEY_NSLocationUsageDescription = "";
				INFOPLIST_KEY_UIApplicationSupportsIndirectInputEvents = YES;
				INFOPLIST_KEY_UILaunchStoryboardName = LaunchScreen;
				INFOPLIST_KEY_UIMainStoryboardFile = Main;
				INFOPLIST_KEY_UIStatusBarHidden = NO;
				INFOPLIST_KEY_UISupportedInterfaceOrientations = UIInterfaceOrientationPortrait;
				INFOPLIST_KEY_UISupportedInterfaceOrientations_iPad = "UIInterfaceOrientationPortrait UIInterfaceOrientationPortraitUpsideDown UIInterfaceOrientationLandscapeLeft UIInterfaceOrientationLandscapeRight";
				INFOPLIST_KEY_UISupportedInterfaceOrientations_iPhone = "UIInterfaceOrientationPortrait UIInterfaceOrientationLandscapeLeft UIInterfaceOrientationLandscapeRight";
				LD_RUNPATH_SEARCH_PATHS = (
					"$(inherited)",
					"@executable_path/Frameworks",
				);
				MARKETING_VERSION = 1.0;
				PRODUCT_BUNDLE_IDENTIFIER = com.villanoy.ConstructionSiteDiary;
				PRODUCT_NAME = "$(TARGET_NAME)";
				SWIFT_EMIT_LOC_STRINGS = YES;
				SWIFT_VERSION = 5.0;
				TARGETED_DEVICE_FAMILY = 1;
			};
			name = Debug;
		};
		A8BAC6B02848DA7F001F81D4 /* Release */ = {
			isa = XCBuildConfiguration;
			baseConfigurationReference = B570114DC1083470465CB70B /* Pods-ConstructionSiteDiary.release.xcconfig */;
			buildSettings = {
				ASSETCATALOG_COMPILER_APPICON_NAME = AppIcon;
				ASSETCATALOG_COMPILER_GLOBAL_ACCENT_COLOR_NAME = AccentColor;
				CODE_SIGN_STYLE = Automatic;
				CURRENT_PROJECT_VERSION = 1;
				DEVELOPMENT_TEAM = WXP6698C26;
				GENERATE_INFOPLIST_FILE = YES;
				INFOPLIST_FILE = ConstructionSiteDiary/Info.plist;
				INFOPLIST_KEY_NSCameraUsageDescription = "";
				INFOPLIST_KEY_NSLocationUsageDescription = "";
				INFOPLIST_KEY_UIApplicationSupportsIndirectInputEvents = YES;
				INFOPLIST_KEY_UILaunchStoryboardName = LaunchScreen;
				INFOPLIST_KEY_UIMainStoryboardFile = Main;
				INFOPLIST_KEY_UIStatusBarHidden = NO;
				INFOPLIST_KEY_UISupportedInterfaceOrientations = UIInterfaceOrientationPortrait;
				INFOPLIST_KEY_UISupportedInterfaceOrientations_iPad = "UIInterfaceOrientationPortrait UIInterfaceOrientationPortraitUpsideDown UIInterfaceOrientationLandscapeLeft UIInterfaceOrientationLandscapeRight";
				INFOPLIST_KEY_UISupportedInterfaceOrientations_iPhone = "UIInterfaceOrientationPortrait UIInterfaceOrientationLandscapeLeft UIInterfaceOrientationLandscapeRight";
				LD_RUNPATH_SEARCH_PATHS = (
					"$(inherited)",
					"@executable_path/Frameworks",
				);
				MARKETING_VERSION = 1.0;
				PRODUCT_BUNDLE_IDENTIFIER = com.villanoy.ConstructionSiteDiary;
				PRODUCT_NAME = "$(TARGET_NAME)";
				SWIFT_EMIT_LOC_STRINGS = YES;
				SWIFT_VERSION = 5.0;
				TARGETED_DEVICE_FAMILY = 1;
			};
			name = Release;
		};
		A8BAC6B22848DA7F001F81D4 /* Debug */ = {
			isa = XCBuildConfiguration;
			baseConfigurationReference = 5A91F5E2ECDA64967D7BBBB3 /* Pods-ConstructionSiteDiaryTests.debug.xcconfig */;
			buildSettings = {
				ALWAYS_EMBED_SWIFT_STANDARD_LIBRARIES = YES;
				BUNDLE_LOADER = "$(TEST_HOST)";
				CODE_SIGN_STYLE = Automatic;
				CURRENT_PROJECT_VERSION = 1;
				DEVELOPMENT_TEAM = WXP6698C26;
				GENERATE_INFOPLIST_FILE = YES;
				IPHONEOS_DEPLOYMENT_TARGET = 15.4;
				MARKETING_VERSION = 1.0;
				PRODUCT_BUNDLE_IDENTIFIER = com.villanoy.ConstructionSiteDiaryTests;
				PRODUCT_NAME = "$(TARGET_NAME)";
				SWIFT_EMIT_LOC_STRINGS = NO;
				SWIFT_VERSION = 5.0;
				TARGETED_DEVICE_FAMILY = "1,2";
				TEST_HOST = "$(BUILT_PRODUCTS_DIR)/ConstructionSiteDiary.app/ConstructionSiteDiary";
			};
			name = Debug;
		};
		A8BAC6B32848DA7F001F81D4 /* Release */ = {
			isa = XCBuildConfiguration;
			baseConfigurationReference = F3EB896FAADC0673ECE5536B /* Pods-ConstructionSiteDiaryTests.release.xcconfig */;
			buildSettings = {
				ALWAYS_EMBED_SWIFT_STANDARD_LIBRARIES = YES;
				BUNDLE_LOADER = "$(TEST_HOST)";
				CODE_SIGN_STYLE = Automatic;
				CURRENT_PROJECT_VERSION = 1;
				DEVELOPMENT_TEAM = WXP6698C26;
				GENERATE_INFOPLIST_FILE = YES;
				IPHONEOS_DEPLOYMENT_TARGET = 15.4;
				MARKETING_VERSION = 1.0;
				PRODUCT_BUNDLE_IDENTIFIER = com.villanoy.ConstructionSiteDiaryTests;
				PRODUCT_NAME = "$(TARGET_NAME)";
				SWIFT_EMIT_LOC_STRINGS = NO;
				SWIFT_VERSION = 5.0;
				TARGETED_DEVICE_FAMILY = "1,2";
				TEST_HOST = "$(BUILT_PRODUCTS_DIR)/ConstructionSiteDiary.app/ConstructionSiteDiary";
			};
			name = Release;
		};
		A8BAC6B52848DA7F001F81D4 /* Debug */ = {
			isa = XCBuildConfiguration;
			baseConfigurationReference = 5A75580953576BE6C4434C5A /* Pods-ConstructionSiteDiary-ConstructionSiteDiaryUITests.debug.xcconfig */;
			buildSettings = {
				ALWAYS_EMBED_SWIFT_STANDARD_LIBRARIES = YES;
				CODE_SIGN_STYLE = Automatic;
				CURRENT_PROJECT_VERSION = 1;
				DEVELOPMENT_TEAM = WXP6698C26;
				GENERATE_INFOPLIST_FILE = YES;
				MARKETING_VERSION = 1.0;
				PRODUCT_BUNDLE_IDENTIFIER = com.villanoy.ConstructionSiteDiaryUITests;
				PRODUCT_NAME = "$(TARGET_NAME)";
				SWIFT_EMIT_LOC_STRINGS = NO;
				SWIFT_VERSION = 5.0;
				TARGETED_DEVICE_FAMILY = "1,2";
				TEST_TARGET_NAME = ConstructionSiteDiary;
			};
			name = Debug;
		};
		A8BAC6B62848DA7F001F81D4 /* Release */ = {
			isa = XCBuildConfiguration;
			baseConfigurationReference = CF712CFC84DAE34A9BA53FFA /* Pods-ConstructionSiteDiary-ConstructionSiteDiaryUITests.release.xcconfig */;
			buildSettings = {
				ALWAYS_EMBED_SWIFT_STANDARD_LIBRARIES = YES;
				CODE_SIGN_STYLE = Automatic;
				CURRENT_PROJECT_VERSION = 1;
				DEVELOPMENT_TEAM = WXP6698C26;
				GENERATE_INFOPLIST_FILE = YES;
				MARKETING_VERSION = 1.0;
				PRODUCT_BUNDLE_IDENTIFIER = com.villanoy.ConstructionSiteDiaryUITests;
				PRODUCT_NAME = "$(TARGET_NAME)";
				SWIFT_EMIT_LOC_STRINGS = NO;
				SWIFT_VERSION = 5.0;
				TARGETED_DEVICE_FAMILY = "1,2";
				TEST_TARGET_NAME = ConstructionSiteDiary;
			};
			name = Release;
		};
/* End XCBuildConfiguration section */

/* Begin XCConfigurationList section */
		A8BAC67F2848DA7B001F81D4 /* Build configuration list for PBXProject "ConstructionSiteDiary" */ = {
			isa = XCConfigurationList;
			buildConfigurations = (
				A8BAC6AC2848DA7F001F81D4 /* Debug */,
				A8BAC6AD2848DA7F001F81D4 /* Release */,
			);
			defaultConfigurationIsVisible = 0;
			defaultConfigurationName = Release;
		};
		A8BAC6AE2848DA7F001F81D4 /* Build configuration list for PBXNativeTarget "ConstructionSiteDiary" */ = {
			isa = XCConfigurationList;
			buildConfigurations = (
				A8BAC6AF2848DA7F001F81D4 /* Debug */,
				A8BAC6B02848DA7F001F81D4 /* Release */,
			);
			defaultConfigurationIsVisible = 0;
			defaultConfigurationName = Release;
		};
		A8BAC6B12848DA7F001F81D4 /* Build configuration list for PBXNativeTarget "ConstructionSiteDiaryTests" */ = {
			isa = XCConfigurationList;
			buildConfigurations = (
				A8BAC6B22848DA7F001F81D4 /* Debug */,
				A8BAC6B32848DA7F001F81D4 /* Release */,
			);
			defaultConfigurationIsVisible = 0;
			defaultConfigurationName = Release;
		};
		A8BAC6B42848DA7F001F81D4 /* Build configuration list for PBXNativeTarget "ConstructionSiteDiaryUITests" */ = {
			isa = XCConfigurationList;
			buildConfigurations = (
				A8BAC6B52848DA7F001F81D4 /* Debug */,
				A8BAC6B62848DA7F001F81D4 /* Release */,
			);
			defaultConfigurationIsVisible = 0;
			defaultConfigurationName = Release;
		};
/* End XCConfigurationList section */
	};
	rootObject = A8BAC67C2848DA7B001F81D4 /* Project object */;
}
